
Microsoft Visual Studio Solution File, Format Version 12.00
# Visual Studio Version 16
VisualStudioVersion = 16.0.30804.86
MinimumVisualStudioVersion = 10.0.40219.1
Project("{FAE04EC0-301F-11D3-BF4B-00C04F79EFBC}") = "project", "project\project.csproj", "{5933BAD3-762D-4993-9D6A-A799900DB9DB}"
EndProject
Global
	GlobalSection(SolutionConfigurationPlatforms) = preSolution
		Debug|Any CPU = Debug|Any CPU
		Release|Any CPU = Release|Any CPU
	EndGlobalSection
	GlobalSection(ProjectConfigurationPlatforms) = postSolution
		{5933BAD3-762D-4993-9D6A-A799900DB9DB}.Debug|Any CPU.ActiveCfg = Debug|Any CPU
		{5933BAD3-762D-4993-9D6A-A799900DB9DB}.Debug|Any CPU.Build.0 = Debug|Any CPU
		{5933BAD3-762D-4993-9D6A-A799900DB9DB}.Release|Any CPU.ActiveCfg = Release|Any CPU
		{5933BAD3-762D-4993-9D6A-A799900DB9DB}.Release|Any CPU.Build.0 = Release|Any CPU
	EndGlobalSection
	GlobalSection(SolutionProperties) = preSolution
		HideSolutionNode = FALSE
	EndGlobalSection
	GlobalSection(ExtensibilityGlobals) = postSolution
		SolutionGuid = {4F7647BC-2B0A-42CC-88AF-0549766D8037}
	EndGlobalSection
EndGlobal
